
Microsoft Visual Studio Solution File, Format Version 12.00
# Visual Studio Version 17
VisualStudioVersion = 17.7.34009.444
MinimumVisualStudioVersion = 10.0.40219.1
Project("{FAE04EC0-301F-11D3-BF4B-00C04F79EFBC}") = "ODPPoc", "ODPPoc\ODPPoc.csproj", "{6685DEF0-4F29-4DF1-BC22-2F053B8E5E21}"
EndProject
Global
	GlobalSection(SolutionConfigurationPlatforms) = preSolution
		Debug|Any CPU = Debug|Any CPU
		Release|Any CPU = Release|Any CPU
	EndGlobalSection
	GlobalSection(ProjectConfigurationPlatforms) = postSolution
		{6685DEF0-4F29-4DF1-BC22-2F053B8E5E21}.Debug|Any CPU.ActiveCfg = Debug|Any CPU
		{6685DEF0-4F29-4DF1-BC22-2F053B8E5E21}.Debug|Any CPU.Build.0 = Debug|Any CPU
		{6685DEF0-4F29-4DF1-BC22-2F053B8E5E21}.Release|Any CPU.ActiveCfg = Release|Any CPU
		{6685DEF0-4F29-4DF1-BC22-2F053B8E5E21}.Release|Any CPU.Build.0 = Release|Any CPU
	EndGlobalSection
	GlobalSection(SolutionProperties) = preSolution
		HideSolutionNode = FALSE
	EndGlobalSection
	GlobalSection(ExtensibilityGlobals) = postSolution
		SolutionGuid = {4D887E36-08E7-410C-B5D4-4F7249951E59}
	EndGlobalSection
EndGlobal
